{
  "object": {
    "pins": [
      {
        "package": "AusweisApp2",
        "repositoryURL": "https://github.com/Governikus/AusweisApp2-SDK-iOS",
        "state": {
          "branch": null,
          "revision": "4bc564270557db2a1213a6be93c92216afc3ea83",
          "version": "1.22.0"
        }
      }
    ]
  },
  "version": 1
}
